
Microsoft Visual Studio Solution File, Format Version 12.00
# Visual Studio Version 17
VisualStudioVersion = 17.9.34723.18
MinimumVisualStudioVersion = 10.0.40219.1
Project("{9A19103F-16F7-4668-BE54-9A1E7A4F7556}") = "RestaurantMenu", "RestaurantMenu.csproj", "{622D2FFA-71AD-41B1-859F-91E3276D89F1}"
EndProject
Project("{9A19103F-16F7-4668-BE54-9A1E7A4F7556}") = "Model", "..\Model\Model.csproj", "{01E96D0E-E04A-4D5D-85AD-F6FBC44654D4}"
EndProject
Project("{9A19103F-16F7-4668-BE54-9A1E7A4F7556}") = "BusinessLayer", "..\BusinessLayer\BusinessLayer.csproj", "{A8BBF45D-5F75-47FE-AAD4-0526CA96C1CC}"
EndProject
Project("{9A19103F-16F7-4668-BE54-9A1E7A4F7556}") = "DataLayer", "..\DataLayer\DataLayer.csproj", "{A59162E9-9825-444F-85D1-A45186E756C0}"
EndProject
Project("{FAE04EC0-301F-11D3-BF4B-00C04F79EFBC}") = "RestaurantMenuAPI", "..\RestaurantMenuAPI\RestaurantMenuAPI.csproj", "{5CBC68D9-420E-4DBD-A914-754D9C4C90C9}"
EndProject
Global
	GlobalSection(SolutionConfigurationPlatforms) = preSolution
		Debug|Any CPU = Debug|Any CPU
		Release|Any CPU = Release|Any CPU
	EndGlobalSection
	GlobalSection(ProjectConfigurationPlatforms) = postSolution
		{622D2FFA-71AD-41B1-859F-91E3276D89F1}.Debug|Any CPU.ActiveCfg = Debug|Any CPU
		{622D2FFA-71AD-41B1-859F-91E3276D89F1}.Debug|Any CPU.Build.0 = Debug|Any CPU
		{622D2FFA-71AD-41B1-859F-91E3276D89F1}.Release|Any CPU.ActiveCfg = Release|Any CPU
		{622D2FFA-71AD-41B1-859F-91E3276D89F1}.Release|Any CPU.Build.0 = Release|Any CPU
		{01E96D0E-E04A-4D5D-85AD-F6FBC44654D4}.Debug|Any CPU.ActiveCfg = Debug|Any CPU
		{01E96D0E-E04A-4D5D-85AD-F6FBC44654D4}.Debug|Any CPU.Build.0 = Debug|Any CPU
		{01E96D0E-E04A-4D5D-85AD-F6FBC44654D4}.Release|Any CPU.ActiveCfg = Release|Any CPU
		{01E96D0E-E04A-4D5D-85AD-F6FBC44654D4}.Release|Any CPU.Build.0 = Release|Any CPU
		{A8BBF45D-5F75-47FE-AAD4-0526CA96C1CC}.Debug|Any CPU.ActiveCfg = Debug|Any CPU
		{A8BBF45D-5F75-47FE-AAD4-0526CA96C1CC}.Debug|Any CPU.Build.0 = Debug|Any CPU
		{A8BBF45D-5F75-47FE-AAD4-0526CA96C1CC}.Release|Any CPU.ActiveCfg = Release|Any CPU
		{A8BBF45D-5F75-47FE-AAD4-0526CA96C1CC}.Release|Any CPU.Build.0 = Release|Any CPU
		{A59162E9-9825-444F-85D1-A45186E756C0}.Debug|Any CPU.ActiveCfg = Debug|Any CPU
		{A59162E9-9825-444F-85D1-A45186E756C0}.Debug|Any CPU.Build.0 = Debug|Any CPU
		{A59162E9-9825-444F-85D1-A45186E756C0}.Release|Any CPU.ActiveCfg = Release|Any CPU
		{A59162E9-9825-444F-85D1-A45186E756C0}.Release|Any CPU.Build.0 = Release|Any CPU
		{5CBC68D9-420E-4DBD-A914-754D9C4C90C9}.Debug|Any CPU.ActiveCfg = Debug|Any CPU
		{5CBC68D9-420E-4DBD-A914-754D9C4C90C9}.Debug|Any CPU.Build.0 = Debug|Any CPU
		{5CBC68D9-420E-4DBD-A914-754D9C4C90C9}.Release|Any CPU.ActiveCfg = Release|Any CPU
		{5CBC68D9-420E-4DBD-A914-754D9C4C90C9}.Release|Any CPU.Build.0 = Release|Any CPU
	EndGlobalSection
	GlobalSection(SolutionProperties) = preSolution
		HideSolutionNode = FALSE
	EndGlobalSection
	GlobalSection(ExtensibilityGlobals) = postSolution
		SolutionGuid = {D369FE25-528B-48D5-9776-90E4BA7FEBF0}
	EndGlobalSection
EndGlobal
